
Microsoft Visual Studio Solution File, Format Version 12.00
# Visual Studio Version 17
VisualStudioVersion = 17.2.32516.85
MinimumVisualStudioVersion = 10.0.40219.1
Project("{9A19103F-16F7-4668-BE54-9A1E7A4F7556}") = "aplicativozinho.Server", "aplicativozinho\Server\aplicativozinho.Server.csproj", "{9E99A715-42A8-41E1-8B19-33A784E7DCC4}"
EndProject
Project("{9A19103F-16F7-4668-BE54-9A1E7A4F7556}") = "aplicativozinho.Client", "aplicativozinho\Client\aplicativozinho.Client.csproj", "{DFFDBD1C-5A6F-42E1-B337-7DD37D27DE0E}"
EndProject
Project("{9A19103F-16F7-4668-BE54-9A1E7A4F7556}") = "aplicativozinho.Shared", "aplicativozinho\Shared\aplicativozinho.Shared.csproj", "{138885B1-0A3D-4A62-A14C-8C9D2D32E70A}"
EndProject
Global
	GlobalSection(SolutionConfigurationPlatforms) = preSolution
		Debug|Any CPU = Debug|Any CPU
		Release|Any CPU = Release|Any CPU
	EndGlobalSection
	GlobalSection(ProjectConfigurationPlatforms) = postSolution
		{9E99A715-42A8-41E1-8B19-33A784E7DCC4}.Debug|Any CPU.ActiveCfg = Debug|Any CPU
		{9E99A715-42A8-41E1-8B19-33A784E7DCC4}.Debug|Any CPU.Build.0 = Debug|Any CPU
		{9E99A715-42A8-41E1-8B19-33A784E7DCC4}.Release|Any CPU.ActiveCfg = Release|Any CPU
		{9E99A715-42A8-41E1-8B19-33A784E7DCC4}.Release|Any CPU.Build.0 = Release|Any CPU
		{DFFDBD1C-5A6F-42E1-B337-7DD37D27DE0E}.Debug|Any CPU.ActiveCfg = Debug|Any CPU
		{DFFDBD1C-5A6F-42E1-B337-7DD37D27DE0E}.Debug|Any CPU.Build.0 = Debug|Any CPU
		{DFFDBD1C-5A6F-42E1-B337-7DD37D27DE0E}.Release|Any CPU.ActiveCfg = Release|Any CPU
		{DFFDBD1C-5A6F-42E1-B337-7DD37D27DE0E}.Release|Any CPU.Build.0 = Release|Any CPU
		{138885B1-0A3D-4A62-A14C-8C9D2D32E70A}.Debug|Any CPU.ActiveCfg = Debug|Any CPU
		{138885B1-0A3D-4A62-A14C-8C9D2D32E70A}.Debug|Any CPU.Build.0 = Debug|Any CPU
		{138885B1-0A3D-4A62-A14C-8C9D2D32E70A}.Release|Any CPU.ActiveCfg = Release|Any CPU
		{138885B1-0A3D-4A62-A14C-8C9D2D32E70A}.Release|Any CPU.Build.0 = Release|Any CPU
	EndGlobalSection
	GlobalSection(SolutionProperties) = preSolution
		HideSolutionNode = FALSE
	EndGlobalSection
	GlobalSection(ExtensibilityGlobals) = postSolution
		SolutionGuid = {98372187-C3A6-4667-8B71-7F951BAB2CB0}
	EndGlobalSection
EndGlobal
